
Microsoft Visual Studio Solution File, Format Version 12.00
# Visual Studio Version 17
VisualStudioVersion = 17.0.31903.59
MinimumVisualStudioVersion = 10.0.40219.1
Project("{FAE04EC0-301F-11D3-BF4B-00C04F79EFBC}") = "Transformese.Domain", "Transformese.Domain\Transformese.Domain.csproj", "{F3272A86-772E-4742-BDED-6C818BB94C45}"
EndProject
Project("{FAE04EC0-301F-11D3-BF4B-00C04F79EFBC}") = "Transformese.Data", "Transformese.Data\Transformese.Data.csproj", "{5B3A6F14-ED1C-48B7-BD2B-61CC06A909E0}"
EndProject
Project("{FAE04EC0-301F-11D3-BF4B-00C04F79EFBC}") = "Transformese.Api", "Transformese.Api\Transformese.Api.csproj", "{CF154A09-8271-4834-A01F-480D1B331ABB}"
EndProject
Project("{FAE04EC0-301F-11D3-BF4B-00C04F79EFBC}") = "Transformese.Desktop", "Transformese.Desktop\Transformese.Desktop.csproj", "{FC18001A-A9F6-4718-9ED2-A5F234C88B64}"
EndProject
Project("{FAE04EC0-301F-11D3-BF4B-00C04F79EFBC}") = "Transformese.MVC", "Transformese.MVC\Transformese.MVC.csproj", "{0773E5D6-0A55-4A0C-824D-25CAEEC969F1}"
EndProject
Global
	GlobalSection(SolutionConfigurationPlatforms) = preSolution
		Debug|Any CPU = Debug|Any CPU
		Debug|x64 = Debug|x64
		Debug|x86 = Debug|x86
		Release|Any CPU = Release|Any CPU
		Release|x64 = Release|x64
		Release|x86 = Release|x86
	EndGlobalSection
	GlobalSection(ProjectConfigurationPlatforms) = postSolution
		{F3272A86-772E-4742-BDED-6C818BB94C45}.Debug|Any CPU.ActiveCfg = Debug|Any CPU
		{F3272A86-772E-4742-BDED-6C818BB94C45}.Debug|Any CPU.Build.0 = Debug|Any CPU
		{F3272A86-772E-4742-BDED-6C818BB94C45}.Debug|x64.ActiveCfg = Debug|Any CPU
		{F3272A86-772E-4742-BDED-6C818BB94C45}.Debug|x64.Build.0 = Debug|Any CPU
		{F3272A86-772E-4742-BDED-6C818BB94C45}.Debug|x86.ActiveCfg = Debug|Any CPU
		{F3272A86-772E-4742-BDED-6C818BB94C45}.Debug|x86.Build.0 = Debug|Any CPU
		{F3272A86-772E-4742-BDED-6C818BB94C45}.Release|Any CPU.ActiveCfg = Release|Any CPU
		{F3272A86-772E-4742-BDED-6C818BB94C45}.Release|Any CPU.Build.0 = Release|Any CPU
		{F3272A86-772E-4742-BDED-6C818BB94C45}.Release|x64.ActiveCfg = Release|Any CPU
		{F3272A86-772E-4742-BDED-6C818BB94C45}.Release|x64.Build.0 = Release|Any CPU
		{F3272A86-772E-4742-BDED-6C818BB94C45}.Release|x86.ActiveCfg = Release|Any CPU
		{F3272A86-772E-4742-BDED-6C818BB94C45}.Release|x86.Build.0 = Release|Any CPU
		{5B3A6F14-ED1C-48B7-BD2B-61CC06A909E0}.Debug|Any CPU.ActiveCfg = Debug|Any CPU
		{5B3A6F14-ED1C-48B7-BD2B-61CC06A909E0}.Debug|Any CPU.Build.0 = Debug|Any CPU
		{5B3A6F14-ED1C-48B7-BD2B-61CC06A909E0}.Debug|x64.ActiveCfg = Debug|Any CPU
		{5B3A6F14-ED1C-48B7-BD2B-61CC06A909E0}.Debug|x64.Build.0 = Debug|Any CPU
		{5B3A6F14-ED1C-48B7-BD2B-61CC06A909E0}.Debug|x86.ActiveCfg = Debug|Any CPU
		{5B3A6F14-ED1C-48B7-BD2B-61CC06A909E0}.Debug|x86.Build.0 = Debug|Any CPU
		{5B3A6F14-ED1C-48B7-BD2B-61CC06A909E0}.Release|Any CPU.ActiveCfg = Release|Any CPU
		{5B3A6F14-ED1C-48B7-BD2B-61CC06A909E0}.Release|Any CPU.Build.0 = Release|Any CPU
		{5B3A6F14-ED1C-48B7-BD2B-61CC06A909E0}.Release|x64.ActiveCfg = Release|Any CPU
		{5B3A6F14-ED1C-48B7-BD2B-61CC06A909E0}.Release|x64.Build.0 = Release|Any CPU
		{5B3A6F14-ED1C-48B7-BD2B-61CC06A909E0}.Release|x86.ActiveCfg = Release|Any CPU
		{5B3A6F14-ED1C-48B7-BD2B-61CC06A909E0}.Release|x86.Build.0 = Release|Any CPU
		{CF154A09-8271-4834-A01F-480D1B331ABB}.Debug|Any CPU.ActiveCfg = Debug|Any CPU
		{CF154A09-8271-4834-A01F-480D1B331ABB}.Debug|Any CPU.Build.0 = Debug|Any CPU
		{CF154A09-8271-4834-A01F-480D1B331ABB}.Debug|x64.ActiveCfg = Debug|Any CPU
		{CF154A09-8271-4834-A01F-480D1B331ABB}.Debug|x64.Build.0 = Debug|Any CPU
		{CF154A09-8271-4834-A01F-480D1B331ABB}.Debug|x86.ActiveCfg = Debug|Any CPU
		{CF154A09-8271-4834-A01F-480D1B331ABB}.Debug|x86.Build.0 = Debug|Any CPU
		{CF154A09-8271-4834-A01F-480D1B331ABB}.Release|Any CPU.ActiveCfg = Release|Any CPU
		{CF154A09-8271-4834-A01F-480D1B331ABB}.Release|Any CPU.Build.0 = Release|Any CPU
		{CF154A09-8271-4834-A01F-480D1B331ABB}.Release|x64.ActiveCfg = Release|Any CPU
		{CF154A09-8271-4834-A01F-480D1B331ABB}.Release|x64.Build.0 = Release|Any CPU
		{CF154A09-8271-4834-A01F-480D1B331ABB}.Release|x86.ActiveCfg = Release|Any CPU
		{CF154A09-8271-4834-A01F-480D1B331ABB}.Release|x86.Build.0 = Release|Any CPU
		{FC18001A-A9F6-4718-9ED2-A5F234C88B64}.Debug|Any CPU.ActiveCfg = Debug|Any CPU
		{FC18001A-A9F6-4718-9ED2-A5F234C88B64}.Debug|Any CPU.Build.0 = Debug|Any CPU
		{FC18001A-A9F6-4718-9ED2-A5F234C88B64}.Debug|x64.ActiveCfg = Debug|Any CPU
		{FC18001A-A9F6-4718-9ED2-A5F234C88B64}.Debug|x64.Build.0 = Debug|Any CPU
		{FC18001A-A9F6-4718-9ED2-A5F234C88B64}.Debug|x86.ActiveCfg = Debug|Any CPU
		{FC18001A-A9F6-4718-9ED2-A5F234C88B64}.Debug|x86.Build.0 = Debug|Any CPU
		{FC18001A-A9F6-4718-9ED2-A5F234C88B64}.Release|Any CPU.ActiveCfg = Release|Any CPU
		{FC18001A-A9F6-4718-9ED2-A5F234C88B64}.Release|Any CPU.Build.0 = Release|Any CPU
		{FC18001A-A9F6-4718-9ED2-A5F234C88B64}.Release|x64.ActiveCfg = Release|Any CPU
		{FC18001A-A9F6-4718-9ED2-A5F234C88B64}.Release|x64.Build.0 = Release|Any CPU
		{FC18001A-A9F6-4718-9ED2-A5F234C88B64}.Release|x86.ActiveCfg = Release|Any CPU
		{FC18001A-A9F6-4718-9ED2-A5F234C88B64}.Release|x86.Build.0 = Release|Any CPU
		{0773E5D6-0A55-4A0C-824D-25CAEEC969F1}.Debug|Any CPU.ActiveCfg = Debug|Any CPU
		{0773E5D6-0A55-4A0C-824D-25CAEEC969F1}.Debug|Any CPU.Build.0 = Debug|Any CPU
		{0773E5D6-0A55-4A0C-824D-25CAEEC969F1}.Debug|x64.ActiveCfg = Debug|Any CPU
		{0773E5D6-0A55-4A0C-824D-25CAEEC969F1}.Debug|x64.Build.0 = Debug|Any CPU
		{0773E5D6-0A55-4A0C-824D-25CAEEC969F1}.Debug|x86.ActiveCfg = Debug|Any CPU
		{0773E5D6-0A55-4A0C-824D-25CAEEC969F1}.Debug|x86.Build.0 = Debug|Any CPU
		{0773E5D6-0A55-4A0C-824D-25CAEEC969F1}.Release|Any CPU.ActiveCfg = Release|Any CPU
		{0773E5D6-0A55-4A0C-824D-25CAEEC969F1}.Release|Any CPU.Build.0 = Release|Any CPU
		{0773E5D6-0A55-4A0C-824D-25CAEEC969F1}.Release|x64.ActiveCfg = Release|Any CPU
		{0773E5D6-0A55-4A0C-824D-25CAEEC969F1}.Release|x64.Build.0 = Release|Any CPU
		{0773E5D6-0A55-4A0C-824D-25CAEEC969F1}.Release|x86.ActiveCfg = Release|Any CPU
		{0773E5D6-0A55-4A0C-824D-25CAEEC969F1}.Release|x86.Build.0 = Release|Any CPU
	EndGlobalSection
	GlobalSection(SolutionProperties) = preSolution
		HideSolutionNode = FALSE
	EndGlobalSection
	GlobalSection(ExtensibilityGlobals) = postSolution
		SolutionGuid = {844620DF-42C7-4B50-86ED-83602AF71272}
	EndGlobalSection
EndGlobal
